PODS:
  - PGNotificationView (0.2.1)

DEPENDENCIES:
  - PGNotificationView (from `../`)

EXTERNAL SOURCES:
  PGNotificationView:
    :path: "../"

SPEC CHECKSUMS:
  PGNotificationView: 828162114cee6376e5fe6d835eef408e8943317f

PODFILE CHECKSUM: 863f9987d56e9e5a0957e6c4ebbbe02400edd81f

COCOAPODS: 1.10.1
